<?xml version="1.0" encoding="utf-8"?>
<Project ToolsVersion="4.0" xmlns="http://schemas.microsoft.com/developer/msbuild/2003">
  <ItemGroup>
    <Filter Include="Source Files">
      <UniqueIdentifier>{4FC737F1-C7A5-4376-A066-2A32D752A2FF}</UniqueIdentifier>
      <Extensions>cpp;c;cc;cxx;def;odl;idl;hpj;bat;asm;asmx</Extensions>
    </Filter>
    <Filter Include="Header Files">
      <UniqueIdentifier>{93995380-89BD-4b04-88EB-625FBE52EBFB}</UniqueIdentifier>
      <Extensions>h;hh;hpp;hxx;hm;inl;inc;xsd</Extensions>
    </Filter>
    <Filter Include="Resource Files">
      <UniqueIdentifier>{67DA6AB6-F800-4c08-8B7A-83BB121AAD01}</UniqueIdentifier>
      <Extensions>rc;ico;cur;bmp;dlg;rc2;rct;bin;rgs;gif;jpg;jpeg;jpe;resx;tiff;tif;png;wav;mfcribbon-ms</Extensions>
    </Filter>
    <Filter Include="Healpix">
      <UniqueIdentifier>{0b91c286-a509-48c7-98ab-470c057a7f38}</UniqueIdentifier>
    </Filter>
  </ItemGroup>
  <ItemGroup>
    <ClCompile Include="src\backprojector.cpp">
      <Filter>Source Files</Filter>
    </ClCompile>
    <ClCompile Include="src\complex.cpp">
      <Filter>Source Files</Filter>
    </ClCompile>
    <ClCompile Include="src\ctf.cpp">
      <Filter>Source Files</Filter>
    </ClCompile>
    <ClCompile Include="src\error.cpp">
      <Filter>Source Files</Filter>
    </ClCompile>
    <ClCompile Include="src\euler.cpp">
      <Filter>Source Files</Filter>
    </ClCompile>
    <ClCompile Include="src\fftw.cpp">
      <Filter>Source Files</Filter>
    </ClCompile>
    <ClCompile Include="src\filename.cpp">
      <Filter>Source Files</Filter>
    </ClCompile>
    <ClCompile Include="src\funcs.cpp">
      <Filter>Source Files</Filter>
    </ClCompile>
    <ClCompile Include="src\healpix_sampling.cpp">
      <Filter>Source Files</Filter>
    </ClCompile>
    <ClCompile Include="src\image.cpp">
      <Filter>Source Files</Filter>
    </ClCompile>
    <ClCompile Include="src\mask.cpp">
      <Filter>Source Files</Filter>
    </ClCompile>
    <ClCompile Include="src\matrix1d.cpp">
      <Filter>Source Files</Filter>
    </ClCompile>
    <ClCompile Include="src\matrix2d.cpp">
      <Filter>Source Files</Filter>
    </ClCompile>
    <ClCompile Include="src\memory.cpp">
      <Filter>Source Files</Filter>
    </ClCompile>
    <ClCompile Include="src\metadata_container.cpp">
      <Filter>Source Files</Filter>
    </ClCompile>
    <ClCompile Include="src\metadata_label.cpp">
      <Filter>Source Files</Filter>
    </ClCompile>
    <ClCompile Include="src\multidim_array.cpp">
      <Filter>Source Files</Filter>
    </ClCompile>
    <ClCompile Include="src\numerical_recipes.cpp">
      <Filter>Source Files</Filter>
    </ClCompile>
    <ClCompile Include="src\projector.cpp">
      <Filter>Source Files</Filter>
    </ClCompile>
    <ClCompile Include="src\strings.cpp">
      <Filter>Source Files</Filter>
    </ClCompile>
    <ClCompile Include="src\symmetries.cpp">
      <Filter>Source Files</Filter>
    </ClCompile>
    <ClCompile Include="src\tabfuncs.cpp">
      <Filter>Source Files</Filter>
    </ClCompile>
    <ClCompile Include="src\transformations.cpp">
      <Filter>Source Files</Filter>
    </ClCompile>
    <ClCompile Include="src\Healpix_2.15a\cxxutils.cc">
      <Filter>Healpix</Filter>
    </ClCompile>
    <ClCompile Include="src\Healpix_2.15a\healpix_base.cc">
      <Filter>Healpix</Filter>
    </ClCompile>
  </ItemGroup>
  <ItemGroup>
    <ClInclude Include="src\backprojector.h">
      <Filter>Header Files</Filter>
    </ClInclude>
    <ClInclude Include="src\complex.h">
      <Filter>Header Files</Filter>
    </ClInclude>
    <ClInclude Include="src\ctf.h">
      <Filter>Header Files</Filter>
    </ClInclude>
    <ClInclude Include="src\error.h">
      <Filter>Header Files</Filter>
    </ClInclude>
    <ClInclude Include="src\euler.h">
      <Filter>Header Files</Filter>
    </ClInclude>
    <ClInclude Include="src\fftw.h">
      <Filter>Header Files</Filter>
    </ClInclude>
    <ClInclude Include="src\filename.h">
      <Filter>Header Files</Filter>
    </ClInclude>
    <ClInclude Include="src\funcs.h">
      <Filter>Header Files</Filter>
    </ClInclude>
    <ClInclude Include="src\healpix_sampling.h">
      <Filter>Header Files</Filter>
    </ClInclude>
    <ClInclude Include="src\image.h">
      <Filter>Header Files</Filter>
    </ClInclude>
    <ClInclude Include="src\macros.h">
      <Filter>Header Files</Filter>
    </ClInclude>
    <ClInclude Include="src\mask.h">
      <Filter>Header Files</Filter>
    </ClInclude>
    <ClInclude Include="src\matrix1d.h">
      <Filter>Header Files</Filter>
    </ClInclude>
    <ClInclude Include="src\matrix2d.h">
      <Filter>Header Files</Filter>
    </ClInclude>
    <ClInclude Include="src\memory.h">
      <Filter>Header Files</Filter>
    </ClInclude>
    <ClInclude Include="src\metadata_container.h">
      <Filter>Header Files</Filter>
    </ClInclude>
    <ClInclude Include="src\metadata_label.h">
      <Filter>Header Files</Filter>
    </ClInclude>
    <ClInclude Include="src\numerical_recipes.h">
      <Filter>Header Files</Filter>
    </ClInclude>
    <ClInclude Include="src\projector.h">
      <Filter>Header Files</Filter>
    </ClInclude>
    <ClInclude Include="src\strings.h">
      <Filter>Header Files</Filter>
    </ClInclude>
    <ClInclude Include="src\symmetries.h">
      <Filter>Header Files</Filter>
    </ClInclude>
    <ClInclude Include="src\tabfuncs.h">
      <Filter>Header Files</Filter>
    </ClInclude>
    <ClInclude Include="src\transformations.h">
      <Filter>Header Files</Filter>
    </ClInclude>
    <ClInclude Include="src\multidim_array.h">
      <Filter>Header Files</Filter>
    </ClInclude>
    <ClInclude Include="src\avx_helper.h">
      <Filter>Header Files</Filter>
    </ClInclude>
    <ClInclude Include="src\Healpix_2.15a\arr.h">
      <Filter>Healpix</Filter>
    </ClInclude>
    <ClInclude Include="src\Healpix_2.15a\cxxutils.h">
      <Filter>Healpix</Filter>
    </ClInclude>
    <ClInclude Include="src\Healpix_2.15a\datatypes.h">
      <Filter>Healpix</Filter>
    </ClInclude>
    <ClInclude Include="src\Healpix_2.15a\geom_utils.h">
      <Filter>Healpix</Filter>
    </ClInclude>
    <ClInclude Include="src\Healpix_2.15a\healpix_base.h">
      <Filter>Healpix</Filter>
    </ClInclude>
    <ClInclude Include="src\Healpix_2.15a\lsconstants.h">
      <Filter>Healpix</Filter>
    </ClInclude>
    <ClInclude Include="src\Healpix_2.15a\message_error.h">
      <Filter>Healpix</Filter>
    </ClInclude>
    <ClInclude Include="src\Healpix_2.15a\openmp_support.h">
      <Filter>Healpix</Filter>
    </ClInclude>
    <ClInclude Include="src\Healpix_2.15a\pointing.h">
      <Filter>Healpix</Filter>
    </ClInclude>
    <ClInclude Include="src\Healpix_2.15a\vec3.h">
      <Filter>Healpix</Filter>
    </ClInclude>
    <ClInclude Include="liblion.h">
      <Filter>Header Files</Filter>
    </ClInclude>
  </ItemGroup>
</Project>